
Microsoft Visual Studio Solution File, Format Version 12.00
# Visual Studio Version 17
VisualStudioVersion = 17.4.33213.308
MinimumVisualStudioVersion = 10.0.40219.1
Project("{9A19103F-16F7-4668-BE54-9A1E7A4F7556}") = "MoonFood", "MoonFood\MoonFood.csproj", "{BB2F9B80-683B-4BEB-A3D9-863DD8D550D5}"
EndProject
Project("{9A19103F-16F7-4668-BE54-9A1E7A4F7556}") = "MoonModels", "MoonModels\MoonModels.csproj", "{16780E67-C9F9-4C83-A79A-26A8C0BFDEC9}"
EndProject
Project("{9A19103F-16F7-4668-BE54-9A1E7A4F7556}") = "MoonDataAccess", "MoonDataAccess\MoonDataAccess.csproj", "{C2E4F6A9-F331-4E54-A8F1-8E4D21233003}"
EndProject
Project("{9A19103F-16F7-4668-BE54-9A1E7A4F7556}") = "MoonBussiness", "MoonBussiness\MoonBussiness.csproj", "{9C90B06F-1C60-4487-BCC6-9AB38EAC0466}"
EndProject
Project("{9A19103F-16F7-4668-BE54-9A1E7A4F7556}") = "MoonTest", "MoonTest\MoonTest.csproj", "{9555CC5B-FC6A-485A-B680-66A218BFDC8B}"
EndProject
Project("{9A19103F-16F7-4668-BE54-9A1E7A4F7556}") = "MoonFoodGateway", "MoonFoodGateway\MoonFoodGateway.csproj", "{38A59A94-CB12-43D2-8ED5-5DB074F75112}"
EndProject
Project("{9A19103F-16F7-4668-BE54-9A1E7A4F7556}") = "MoonBenchMark", "MoonBenchMark\MoonBenchMark.csproj", "{6CB99897-40D2-456E-8445-7E3B985770DF}"
EndProject
Project("{2150E333-8FDC-42A3-9474-1A3956D46DE8}") = "Document", "Document", "{0F9F18FD-973C-499C-B840-D20591A3EC31}"
	ProjectSection(SolutionItems) = preProject
		APIsDocument.txt = APIsDocument.txt
		Gateway.txt = Gateway.txt
	EndProjectSection
EndProject
Global
	GlobalSection(SolutionConfigurationPlatforms) = preSolution
		Debug|Any CPU = Debug|Any CPU
		Release|Any CPU = Release|Any CPU
	EndGlobalSection
	GlobalSection(ProjectConfigurationPlatforms) = postSolution
		{BB2F9B80-683B-4BEB-A3D9-863DD8D550D5}.Debug|Any CPU.ActiveCfg = Debug|Any CPU
		{BB2F9B80-683B-4BEB-A3D9-863DD8D550D5}.Debug|Any CPU.Build.0 = Debug|Any CPU
		{BB2F9B80-683B-4BEB-A3D9-863DD8D550D5}.Release|Any CPU.ActiveCfg = Release|Any CPU
		{BB2F9B80-683B-4BEB-A3D9-863DD8D550D5}.Release|Any CPU.Build.0 = Release|Any CPU
		{16780E67-C9F9-4C83-A79A-26A8C0BFDEC9}.Debug|Any CPU.ActiveCfg = Debug|Any CPU
		{16780E67-C9F9-4C83-A79A-26A8C0BFDEC9}.Debug|Any CPU.Build.0 = Debug|Any CPU
		{16780E67-C9F9-4C83-A79A-26A8C0BFDEC9}.Release|Any CPU.ActiveCfg = Release|Any CPU
		{16780E67-C9F9-4C83-A79A-26A8C0BFDEC9}.Release|Any CPU.Build.0 = Release|Any CPU
		{C2E4F6A9-F331-4E54-A8F1-8E4D21233003}.Debug|Any CPU.ActiveCfg = Debug|Any CPU
		{C2E4F6A9-F331-4E54-A8F1-8E4D21233003}.Debug|Any CPU.Build.0 = Debug|Any CPU
		{C2E4F6A9-F331-4E54-A8F1-8E4D21233003}.Release|Any CPU.ActiveCfg = Release|Any CPU
		{C2E4F6A9-F331-4E54-A8F1-8E4D21233003}.Release|Any CPU.Build.0 = Release|Any CPU
		{9C90B06F-1C60-4487-BCC6-9AB38EAC0466}.Debug|Any CPU.ActiveCfg = Debug|Any CPU
		{9C90B06F-1C60-4487-BCC6-9AB38EAC0466}.Debug|Any CPU.Build.0 = Debug|Any CPU
		{9C90B06F-1C60-4487-BCC6-9AB38EAC0466}.Release|Any CPU.ActiveCfg = Release|Any CPU
		{9C90B06F-1C60-4487-BCC6-9AB38EAC0466}.Release|Any CPU.Build.0 = Release|Any CPU
		{9555CC5B-FC6A-485A-B680-66A218BFDC8B}.Debug|Any CPU.ActiveCfg = Debug|Any CPU
		{9555CC5B-FC6A-485A-B680-66A218BFDC8B}.Debug|Any CPU.Build.0 = Debug|Any CPU
		{9555CC5B-FC6A-485A-B680-66A218BFDC8B}.Release|Any CPU.ActiveCfg = Release|Any CPU
		{9555CC5B-FC6A-485A-B680-66A218BFDC8B}.Release|Any CPU.Build.0 = Release|Any CPU
		{38A59A94-CB12-43D2-8ED5-5DB074F75112}.Debug|Any CPU.ActiveCfg = Debug|Any CPU
		{38A59A94-CB12-43D2-8ED5-5DB074F75112}.Debug|Any CPU.Build.0 = Debug|Any CPU
		{38A59A94-CB12-43D2-8ED5-5DB074F75112}.Release|Any CPU.ActiveCfg = Release|Any CPU
		{38A59A94-CB12-43D2-8ED5-5DB074F75112}.Release|Any CPU.Build.0 = Release|Any CPU
		{6CB99897-40D2-456E-8445-7E3B985770DF}.Debug|Any CPU.ActiveCfg = Debug|Any CPU
		{6CB99897-40D2-456E-8445-7E3B985770DF}.Debug|Any CPU.Build.0 = Debug|Any CPU
		{6CB99897-40D2-456E-8445-7E3B985770DF}.Release|Any CPU.ActiveCfg = Release|Any CPU
		{6CB99897-40D2-456E-8445-7E3B985770DF}.Release|Any CPU.Build.0 = Release|Any CPU
	EndGlobalSection
	GlobalSection(SolutionProperties) = preSolution
		HideSolutionNode = FALSE
	EndGlobalSection
	GlobalSection(ExtensibilityGlobals) = postSolution
		SolutionGuid = {5E107C4E-B02E-4C1C-9646-7A0815F76DCE}
	EndGlobalSection
EndGlobal
